PODS:
  - Bolts/Tasks (1.9.1)
  - Charts (4.0.2):
    - Charts/Core (= 4.0.2)
  - Charts/Core (4.0.2):
    - SwiftAlgorithms (~> 1.0)
  - Parse (1.19.3):
    - Parse/Core (= 1.19.3)
  - Parse/Core (1.19.3):
    - Bolts/Tasks (= 1.9.1)
  - SwiftAlgorithms (1.0.0)

DEPENDENCIES:
  - Charts
  - Parse

SPEC REPOS:
  trunk:
    - Bolts
    - Charts
    - Parse
    - SwiftAlgorithms

SPEC CHECKSUMS:
  Bolts: 8c1e8aab2f603387b8b9924f57d1d64f43d3ffdc
  Charts: cfa4e911e6dc289582c2fe011a0e87c03d96727f
  Parse: 0abb63a0ff6fa34a3f64b81d595a294e2ece143a
  SwiftAlgorithms: 38dda4731d19027fdeee1125f973111bf3386b53

PODFILE CHECKSUM: 8f3070affcae8a640a50bf3e588fe93e49fcc7a6

COCOAPODS: 1.11.2
